// !$*UTF8*$!
{
	archiveVersion = 1;
	classes = {
	};
	objectVersion = 46;
	objects = {

/* Begin PBXBuildFile section */
		AF562B731E36DF9F00327784 /* AppDelegate.swift in Sources */ = {isa = PBXBuildFile; fileRef = AF562B721E36DF9F00327784 /* AppDelegate.swift */; };
		AF562B751E36DF9F00327784 /* ViewController.swift in Sources */ = {isa = PBXBuildFile; fileRef = AF562B741E36DF9F00327784 /* ViewController.swift */; };
		AF562B781E36DF9F00327784 /* Main.storyboard in Resources */ = {isa = PBXBuildFile; fileRef = AF562B761E36DF9F00327784 /* Main.storyboard */; };
		AF562B7A1E36DF9F00327784 /* Assets.xcassets in Resources */ = {isa = PBXBuildFile; fileRef = AF562B791E36DF9F00327784 /* Assets.xcassets */; };
		AF562B7D1E36DF9F00327784 /* LaunchScreen.storyboard in Resources */ = {isa = PBXBuildFile; fileRef = AF562B7B1E36DF9F00327784 /* LaunchScreen.storyboard */; };
/* End PBXBuildFile section */

/* Begin PBXFileReference section */
		AF562B6F1E36DF9F00327784 /* Favorite Places.app */ = {isa = PBXFileReference; explicitFileType = wrapper.application; includeInIndex = 0; path = "Favorite Places.app"; sourceTree = BUILT_PRODUCTS_DIR; };
		AF562B721E36DF9F00327784 /* AppDelegate.swift */ = {isa = PBXFileReference; lastKnownFileType = sourcecode.swift; path = AppDelegate.swift; sourceTree = "<group>"; };
		AF562B741E36DF9F00327784 /* ViewController.swift */ = {isa = PBXFileReference; lastKnownFileType = sourcecode.swift; path = ViewController.swift; sourceTree = "<group>"; };
		AF562B771E36DF9F00327784 /* Base */ = {isa = PBXFileReference; lastKnownFileType = file.storyboard; name = Base; path = Base.lproj/Main.storyboard; sourceTree = "<group>"; };
		AF562B791E36DF9F00327784 /* Assets.xcassets */ = {isa = PBXFileReference; lastKnownFileType = folder.assetcatalog; path = Assets.xcassets; sourceTree = "<group>"; };
		AF562B7C1E36DF9F00327784 /* Base */ = {isa = PBXFileReference; lastKnownFileType = file.storyboard; name = Base; path = Base.lproj/LaunchScreen.storyboard; sourceTree = "<group>"; };
		AF562B7E1E36DF9F00327784 /* Info.plist */ = {isa = PBXFileReference; lastKnownFileType = text.plist.xml; path = Info.plist; sourceTree = "<group>"; };
/* End PBXFileReference section */

/* Begin PBXFrameworksBuildPhase section */
		AF562B6C1E36DF9F00327784 /* Frameworks */ = {
			isa = PBXFrameworksBuildPhase;
			buildActionMask = 2147483647;
			files = (
			);
			runOnlyForDeploymentPostprocessing = 0;
		};
/* End PBXFrameworksBuildPhase section */

/* Begin PBXGroup section */
		AF562B661E36DF9F00327784 = {
			isa = PBXGroup;
			children = (
				AF562B711E36DF9F00327784 /* Favorite Places */,
				AF562B701E36DF9F00327784 /* Products */,
			);
			sourceTree = "<group>";
		};
		AF562B701E36DF9F00327784 /* Products */ = {
			isa = PBXGroup;
			children = (
				AF562B6F1E36DF9F00327784 /* Favorite Places.app */,
			);
			name = Products;
			sourceTree = "<group>";
		};
		AF562B711E36DF9F00327784 /* Favorite Places */ = {
			isa = PBXGroup;
			children = (
				AF562B721E36DF9F00327784 /* AppDelegate.swift */,
				AF562B741E36DF9F00327784 /* ViewController.swift */,
				AF562B761E36DF9F00327784 /* Main.storyboard */,
				AF562B791E36DF9F00327784 /* Assets.xcassets */,
				AF562B7B1E36DF9F00327784 /* LaunchScreen.storyboard */,
				AF562B7E1E36DF9F00327784 /* Info.plist */,
			);
			path = "Favorite Places";
			sourceTree = "<group>";
		};
/* End PBXGroup section */

/* Begin PBXNativeTarget section */
		AF562B6E1E36DF9F00327784 /* Favorite Places */ = {
			isa = PBXNativeTarget;
			buildConfigurationList = AF562B811E36DF9F00327784 /* Build configuration list for PBXNativeTarget "Favorite Places" */;
			buildPhases = (
				AF562B6B1E36DF9F00327784 /* Sources */,
				AF562B6C1E36DF9F00327784 /* Frameworks */,
				AF562B6D1E36DF9F00327784 /* Resources */,
			);
			buildRules = (
			);
			dependencies = (
			);
			name = "Favorite Places";
			productName = "Favorite Places";
			productReference = AF562B6F1E36DF9F00327784 /* Favorite Places.app */;
			productType = "com.apple.product-type.application";
		};
/* End PBXNativeTarget section */

/* Begin PBXProject section */
		AF562B671E36DF9F00327784 /* Project object */ = {
			isa = PBXProject;
			attributes = {
				LastSwiftUpdateCheck = 0820;
				LastUpgradeCheck = 0820;
				ORGANIZATIONNAME = "netGalaxy Studios";
				TargetAttributes = {
					AF562B6E1E36DF9F00327784 = {
						CreatedOnToolsVersion = 8.2.1;
						ProvisioningStyle = Automatic;
					};
				};
			};
			buildConfigurationList = AF562B6A1E36DF9F00327784 /* Build configuration list for PBXProject "Favorite Places" */;
			compatibilityVersion = "Xcode 3.2";
			developmentRegion = English;
			hasScannedForEncodings = 0;
			knownRegions = (
				en,
				Base,
			);
			mainGroup = AF562B661E36DF9F00327784;
			productRefGroup = AF562B701E36DF9F00327784 /* Products */;
			projectDirPath = "";
			projectRoot = "";
			targets = (
				AF562B6E1E36DF9F00327784 /* Favorite Places */,
			);
		};
/* End PBXProject section */

/* Begin PBXResourcesBuildPhase section */
		AF562B6D1E36DF9F00327784 /* Resources */ = {
			isa = PBXResourcesBuildPhase;
			buildActionMask = 2147483647;
			files = (
				AF562B7D1E36DF9F00327784 /* LaunchScreen.storyboard in Resources */,
				AF562B7A1E36DF9F00327784 /* Assets.xcassets in Resources */,
				AF562B781E36DF9F00327784 /* Main.storyboard in Resources */,
			);
			runOnlyForDeploymentPostprocessing = 0;
		};
/* End PBXResourcesBuildPhase section */

/* Begin PBXSourcesBuildPhase section */
		AF562B6B1E36DF9F00327784 /* Sources */ = {
			isa = PBXSourcesBuildPhase;
			buildActionMask = 2147483647;
			files = (
				AF562B751E36DF9F00327784 /* ViewController.swift in Sources */,
				AF562B731E36DF9F00327784 /* AppDelegate.swift in Sources */,
			);
			runOnlyForDeploymentPostprocessing = 0;
		};
/* End PBXSourcesBuildPhase section */

/* Begin PBXVariantGroup section */
		AF562B761E36DF9F00327784 /* Main.storyboard */ = {
			isa = PBXVariantGroup;
			children = (
				AF562B771E36DF9F00327784 /* Base */,
			);
			name = Main.storyboard;
			sourceTree = "<group>";
		};
		AF562B7B1E36DF9F00327784 /* LaunchScreen.storyboard */ = {
			isa = PBXVariantGroup;
			children = (
				AF562B7C1E36DF9F00327784 /* Base */,
			);
			name = LaunchScreen.storyboard;
			sourceTree = "<group>";
		};
/* End PBXVariantGroup section */

/* Begin XCBuildConfiguration section */
		AF562B7F1E36DF9F00327784 /* Debug */ = {
			isa = XCBuildConfiguration;
			buildSettings = {
				ALWAYS_SEARCH_USER_PATHS = NO;
				CLANG_ANALYZER_NONNULL = YES;
				CLANG_CXX_LANGUAGE_STANDARD = "gnu++0x";
				CLANG_CXX_LIBRARY = "libc++";
				CLANG_ENABLE_MODULES = YES;
				CLANG_ENABLE_OBJC_ARC = YES;
				CLANG_WARN_BOOL_CONVERSION = YES;
				CLANG_WARN_CONSTANT_CONVERSION = YES;
				CLANG_WARN_DIRECT_OBJC_ISA_USAGE = YES_ERROR;
				CLANG_WARN_DOCUMENTATION_COMMENTS = YES;
				CLANG_WARN_EMPTY_BODY = YES;
				CLANG_WARN_ENUM_CONVERSION = YES;
				CLANG_WARN_INFINITE_RECURSION = YES;
				CLANG_WARN_INT_CONVERSION = YES;
				CLANG_WARN_OBJC_ROOT_CLASS = YES_ERROR;
				CLANG_WARN_SUSPICIOUS_MOVE = YES;
				CLANG_WARN_UNREACHABLE_CODE = YES;
				CLANG_WARN__DUPLICATE_METHOD_MATCH = YES;
				"CODE_SIGN_IDENTITY[sdk=iphoneos*]" = "iPhone Developer";
				COPY_PHASE_STRIP = NO;
				DEBUG_INFORMATION_FORMAT = dwarf;
				ENABLE_STRICT_OBJC_MSGSEND = YES;
				ENABLE_TESTABILITY = YES;
				GCC_C_LANGUAGE_STANDARD = gnu99;
				GCC_DYNAMIC_NO_PIC = NO;
				GCC_NO_COMMON_BLOCKS = YES;
				GCC_OPTIMIZATION_LEVEL = 0;
				GCC_PREPROCESSOR_DEFINITIONS = (
					"DEBUG=1",
					"$(inherited)",
				);
				GCC_WARN_64_TO_32_BIT_CONVERSION = YES;
				GCC_WARN_ABOUT_RETURN_TYPE = YES_ERROR;
				GCC_WARN_UNDECLARED_SELECTOR = YES;
				GCC_WARN_UNINITIALIZED_AUTOS = YES_AGGRESSIVE;
				GCC_WARN_UNUSED_FUNCTION = YES;
				GCC_WARN_UNUSED_VARIABLE = YES;
				IPHONEOS_DEPLOYMENT_TARGET = 10.2;
				MTL_ENABLE_DEBUG_INFO = YES;
				ONLY_ACTIVE_ARCH = YES;
				SDKROOT = iphoneos;
				SWIFT_ACTIVE_COMPILATION_CONDITIONS = DEBUG;
				SWIFT_OPTIMIZATION_LEVEL = "-Onone";
			};
			name = Debug;
		};
		AF562B801E36DF9F00327784 /* Release */ = {
			isa = XCBuildConfiguration;
			buildSettings = {
				ALWAYS_SEARCH_USER_PATHS = NO;
				CLANG_ANALYZER_NONNULL = YES;
				CLANG_CXX_LANGUAGE_STANDARD = "gnu++0x";
				CLANG_CXX_LIBRARY = "libc++";
				CLANG_ENABLE_MODULES = YES;
				CLANG_ENABLE_OBJC_ARC = YES;
				CLANG_WARN_BOOL_CONVERSION = YES;
				CLANG_WARN_CONSTANT_CONVERSION = YES;
				CLANG_WARN_DIRECT_OBJC_ISA_USAGE = YES_ERROR;
				CLANG_WARN_DOCUMENTATION_COMMENTS = YES;
				CLANG_WARN_EMPTY_BODY = YES;
				CLANG_WARN_ENUM_CONVERSION = YES;
				CLANG_WARN_INFINITE_RECURSION = YES;
				CLANG_WARN_INT_CONVERSION = YES;
				CLANG_WARN_OBJC_ROOT_CLASS = YES_ERROR;
				CLANG_WARN_SUSPICIOUS_MOVE = YES;
				CLANG_WARN_UNREACHABLE_CODE = YES;
				CLANG_WARN__DUPLICATE_METHOD_MATCH = YES;
				"CODE_SIGN_IDENTITY[sdk=iphoneos*]" = "iPhone Developer";
				COPY_PHASE_STRIP = NO;
				DEBUG_INFORMATION_FORMAT = "dwarf-with-dsym";
				ENABLE_NS_ASSERTIONS = NO;
				ENABLE_STRICT_OBJC_MSGSEND = YES;
				GCC_C_LANGUAGE_STANDARD = gnu99;
				GCC_NO_COMMON_BLOCKS = YES;
				GCC_WARN_64_TO_32_BIT_CONVERSION = YES;
				GCC_WARN_ABOUT_RETURN_TYPE = YES_ERROR;
				GCC_WARN_UNDECLARED_SELECTOR = YES;
				GCC_WARN_UNINITIALIZED_AUTOS = YES_AGGRESSIVE;
				GCC_WARN_UNUSED_FUNCTION = YES;
				GCC_WARN_UNUSED_VARIABLE = YES;
				IPHONEOS_DEPLOYMENT_TARGET = 10.2;
				MTL_ENABLE_DEBUG_INFO = NO;
				SDKROOT = iphoneos;
				SWIFT_OPTIMIZATION_LEVEL = "-Owholemodule";
				VALIDATE_PRODUCT = YES;
			};
			name = Release;
		};
		AF562B821E36DF9F00327784 /* Debug */ = {
			isa = XCBuildConfiguration;
			buildSettings = {
				ASSETCATALOG_COMPILER_APPICON_NAME = AppIcon;
				INFOPLIST_FILE = "Favorite Places/Info.plist";
				LD_RUNPATH_SEARCH_PATHS = "$(inherited) @executable_path/Frameworks";
				PRODUCT_BUNDLE_IDENTIFIER = "com.netgalaxystudios.Favorite-Places";
				PRODUCT_NAME = "$(TARGET_NAME)";
				SWIFT_VERSION = 3.0;
			};
			name = Debug;
		};
		AF562B831E36DF9F00327784 /* Release */ = {
			isa = XCBuildConfiguration;
			buildSettings = {
				ASSETCATALOG_COMPILER_APPICON_NAME = AppIcon;
				INFOPLIST_FILE = "Favorite Places/Info.plist";
				LD_RUNPATH_SEARCH_PATHS = "$(inherited) @executable_path/Frameworks";
				PRODUCT_BUNDLE_IDENTIFIER = "com.netgalaxystudios.Favorite-Places";
				PRODUCT_NAME = "$(TARGET_NAME)";
				SWIFT_VERSION = 3.0;
			};
			name = Release;
		};
/* End XCBuildConfiguration section */

/* Begin XCConfigurationList section */
		AF562B6A1E36DF9F00327784 /* Build configuration list for PBXProject "Favorite Places" */ = {
			isa = XCConfigurationList;
			buildConfigurations = (
				AF562B7F1E36DF9F00327784 /* Debug */,
				AF562B801E36DF9F00327784 /* Release */,
			);
			defaultConfigurationIsVisible = 0;
			defaultConfigurationName = Release;
		};
		AF562B811E36DF9F00327784 /* Build configuration list for PBXNativeTarget "Favorite Places" */ = {
			isa = XCConfigurationList;
			buildConfigurations = (
				AF562B821E36DF9F00327784 /* Debug */,
				AF562B831E36DF9F00327784 /* Release */,
			);
			defaultConfigurationIsVisible = 0;
		};
/* End XCConfigurationList section */
	};
	rootObject = AF562B671E36DF9F00327784 /* Project object */;
}
